
Microsoft Visual Studio Solution File, Format Version 12.00
# Visual Studio Version 16
VisualStudioVersion = 16.0.31515.178
MinimumVisualStudioVersion = 10.0.40219.1
Project("{8BC9CEB8-8B4A-11D0-8D11-00A0C91BC942}") = "Null_Pointer", "Null_Pointer\Null_Pointer.vcxproj", "{E26A3590-571C-4093-B916-48133EBA234F}"
EndProject
Project("{2150E333-8FDC-42A3-9474-1A3956D46DE8}") = "Solution Items", "Solution Items", "{3C82675B-0E1F-4765-80C4-38EF0CCC022A}"
	ProjectSection(SolutionItems) = preProject
		TextFile1.txt = TextFile1.txt
	EndProjectSection
EndProject
Global
	GlobalSection(SolutionConfigurationPlatforms) = preSolution
		Debug|x64 = Debug|x64
		Debug|x86 = Debug|x86
		Release|x64 = Release|x64
		Release|x86 = Release|x86
	EndGlobalSection
	GlobalSection(ProjectConfigurationPlatforms) = postSolution
		{E26A3590-571C-4093-B916-48133EBA234F}.Debug|x64.ActiveCfg = Debug|x64
		{E26A3590-571C-4093-B916-48133EBA234F}.Debug|x64.Build.0 = Debug|x64
		{E26A3590-571C-4093-B916-48133EBA234F}.Debug|x86.ActiveCfg = Debug|Win32
		{E26A3590-571C-4093-B916-48133EBA234F}.Debug|x86.Build.0 = Debug|Win32
		{E26A3590-571C-4093-B916-48133EBA234F}.Release|x64.ActiveCfg = Release|x64
		{E26A3590-571C-4093-B916-48133EBA234F}.Release|x64.Build.0 = Release|x64
		{E26A3590-571C-4093-B916-48133EBA234F}.Release|x86.ActiveCfg = Release|Win32
		{E26A3590-571C-4093-B916-48133EBA234F}.Release|x86.Build.0 = Release|Win32
	EndGlobalSection
	GlobalSection(SolutionProperties) = preSolution
		HideSolutionNode = FALSE
	EndGlobalSection
	GlobalSection(ExtensibilityGlobals) = postSolution
		SolutionGuid = {42702C88-7D7B-46F0-8836-A69610B96D17}
	EndGlobalSection
EndGlobal
