
Microsoft Visual Studio Solution File, Format Version 12.00
# Visual Studio Version 16
VisualStudioVersion = 16.0.31515.178
MinimumVisualStudioVersion = 10.0.40219.1
Project("{8BC9CEB8-8B4A-11D0-8D11-00A0C91BC942}") = "Pointers", "Pointers\Pointers.vcxproj", "{5A6B52CE-3DED-48A5-A22F-40D6C63210BD}"
EndProject
Project("{8BC9CEB8-8B4A-11D0-8D11-00A0C91BC942}") = "Pointer2", "Pointer2\Pointer2.vcxproj", "{6CFBE9D5-7660-433D-8985-CDA8BC681C9B}"
EndProject
Project("{8BC9CEB8-8B4A-11D0-8D11-00A0C91BC942}") = "Const_Kullanımı", "Const_Kullanımı\Const_Kullanımı.vcxproj", "{773D79FB-E4E6-4548-BEC9-A51971F95577}"
EndProject
Project("{2150E333-8FDC-42A3-9474-1A3956D46DE8}") = "Solution Items", "Solution Items", "{0D4CFF3B-B3CF-497B-8435-93B8F8D032D5}"
	ProjectSection(SolutionItems) = preProject
		TextFile1.txt = TextFile1.txt
	EndProjectSection
EndProject
Project("{8BC9CEB8-8B4A-11D0-8D11-00A0C91BC942}") = "Pointer_Aritmetigi", "Pointer_Aritmetigi\Pointer_Aritmetigi.vcxproj", "{D9C69F1C-57C4-4D67-9FEC-7D24D70F586B}"
EndProject
Project("{8BC9CEB8-8B4A-11D0-8D11-00A0C91BC942}") = "ICerik_Operatoru_Kullanimi", "ICerik_Operatoru_Kullanimi\ICerik_Operatoru_Kullanimi.vcxproj", "{C58F950D-F270-4D3C-B98D-36B8B8811842}"
EndProject
Project("{8BC9CEB8-8B4A-11D0-8D11-00A0C91BC942}") = "Dizilerin_fonks_gonderilmesi", "Dizilerin_fonks_gonderilmesi\Dizilerin_fonks_gonderilmesi.vcxproj", "{A0BF5A53-60E4-475A-BDA8-EE36E81FD89D}"
EndProject
Project("{8BC9CEB8-8B4A-11D0-8D11-00A0C91BC942}") = "Pointer_Idioms", "Pointer_Idioms\Pointer_Idioms.vcxproj", "{D6C63650-81F2-47C7-A4FF-449CDAA921FD}"
EndProject
Global
	GlobalSection(SolutionConfigurationPlatforms) = preSolution
		Debug|x64 = Debug|x64
		Debug|x86 = Debug|x86
		Release|x64 = Release|x64
		Release|x86 = Release|x86
	EndGlobalSection
	GlobalSection(ProjectConfigurationPlatforms) = postSolution
		{5A6B52CE-3DED-48A5-A22F-40D6C63210BD}.Debug|x64.ActiveCfg = Debug|x64
		{5A6B52CE-3DED-48A5-A22F-40D6C63210BD}.Debug|x64.Build.0 = Debug|x64
		{5A6B52CE-3DED-48A5-A22F-40D6C63210BD}.Debug|x86.ActiveCfg = Debug|Win32
		{5A6B52CE-3DED-48A5-A22F-40D6C63210BD}.Debug|x86.Build.0 = Debug|Win32
		{5A6B52CE-3DED-48A5-A22F-40D6C63210BD}.Release|x64.ActiveCfg = Release|x64
		{5A6B52CE-3DED-48A5-A22F-40D6C63210BD}.Release|x64.Build.0 = Release|x64
		{5A6B52CE-3DED-48A5-A22F-40D6C63210BD}.Release|x86.ActiveCfg = Release|Win32
		{5A6B52CE-3DED-48A5-A22F-40D6C63210BD}.Release|x86.Build.0 = Release|Win32
		{6CFBE9D5-7660-433D-8985-CDA8BC681C9B}.Debug|x64.ActiveCfg = Debug|x64
		{6CFBE9D5-7660-433D-8985-CDA8BC681C9B}.Debug|x64.Build.0 = Debug|x64
		{6CFBE9D5-7660-433D-8985-CDA8BC681C9B}.Debug|x86.ActiveCfg = Debug|Win32
		{6CFBE9D5-7660-433D-8985-CDA8BC681C9B}.Debug|x86.Build.0 = Debug|Win32
		{6CFBE9D5-7660-433D-8985-CDA8BC681C9B}.Release|x64.ActiveCfg = Release|x64
		{6CFBE9D5-7660-433D-8985-CDA8BC681C9B}.Release|x64.Build.0 = Release|x64
		{6CFBE9D5-7660-433D-8985-CDA8BC681C9B}.Release|x86.ActiveCfg = Release|Win32
		{6CFBE9D5-7660-433D-8985-CDA8BC681C9B}.Release|x86.Build.0 = Release|Win32
		{773D79FB-E4E6-4548-BEC9-A51971F95577}.Debug|x64.ActiveCfg = Debug|x64
		{773D79FB-E4E6-4548-BEC9-A51971F95577}.Debug|x64.Build.0 = Debug|x64
		{773D79FB-E4E6-4548-BEC9-A51971F95577}.Debug|x86.ActiveCfg = Debug|Win32
		{773D79FB-E4E6-4548-BEC9-A51971F95577}.Debug|x86.Build.0 = Debug|Win32
		{773D79FB-E4E6-4548-BEC9-A51971F95577}.Release|x64.ActiveCfg = Release|x64
		{773D79FB-E4E6-4548-BEC9-A51971F95577}.Release|x64.Build.0 = Release|x64
		{773D79FB-E4E6-4548-BEC9-A51971F95577}.Release|x86.ActiveCfg = Release|Win32
		{773D79FB-E4E6-4548-BEC9-A51971F95577}.Release|x86.Build.0 = Release|Win32
		{D9C69F1C-57C4-4D67-9FEC-7D24D70F586B}.Debug|x64.ActiveCfg = Debug|x64
		{D9C69F1C-57C4-4D67-9FEC-7D24D70F586B}.Debug|x64.Build.0 = Debug|x64
		{D9C69F1C-57C4-4D67-9FEC-7D24D70F586B}.Debug|x86.ActiveCfg = Debug|Win32
		{D9C69F1C-57C4-4D67-9FEC-7D24D70F586B}.Debug|x86.Build.0 = Debug|Win32
		{D9C69F1C-57C4-4D67-9FEC-7D24D70F586B}.Release|x64.ActiveCfg = Release|x64
		{D9C69F1C-57C4-4D67-9FEC-7D24D70F586B}.Release|x64.Build.0 = Release|x64
		{D9C69F1C-57C4-4D67-9FEC-7D24D70F586B}.Release|x86.ActiveCfg = Release|Win32
		{D9C69F1C-57C4-4D67-9FEC-7D24D70F586B}.Release|x86.Build.0 = Release|Win32
		{C58F950D-F270-4D3C-B98D-36B8B8811842}.Debug|x64.ActiveCfg = Debug|x64
		{C58F950D-F270-4D3C-B98D-36B8B8811842}.Debug|x64.Build.0 = Debug|x64
		{C58F950D-F270-4D3C-B98D-36B8B8811842}.Debug|x86.ActiveCfg = Debug|Win32
		{C58F950D-F270-4D3C-B98D-36B8B8811842}.Debug|x86.Build.0 = Debug|Win32
		{C58F950D-F270-4D3C-B98D-36B8B8811842}.Release|x64.ActiveCfg = Release|x64
		{C58F950D-F270-4D3C-B98D-36B8B8811842}.Release|x64.Build.0 = Release|x64
		{C58F950D-F270-4D3C-B98D-36B8B8811842}.Release|x86.ActiveCfg = Release|Win32
		{C58F950D-F270-4D3C-B98D-36B8B8811842}.Release|x86.Build.0 = Release|Win32
		{A0BF5A53-60E4-475A-BDA8-EE36E81FD89D}.Debug|x64.ActiveCfg = Debug|x64
		{A0BF5A53-60E4-475A-BDA8-EE36E81FD89D}.Debug|x64.Build.0 = Debug|x64
		{A0BF5A53-60E4-475A-BDA8-EE36E81FD89D}.Debug|x86.ActiveCfg = Debug|Win32
		{A0BF5A53-60E4-475A-BDA8-EE36E81FD89D}.Debug|x86.Build.0 = Debug|Win32
		{A0BF5A53-60E4-475A-BDA8-EE36E81FD89D}.Release|x64.ActiveCfg = Release|x64
		{A0BF5A53-60E4-475A-BDA8-EE36E81FD89D}.Release|x64.Build.0 = Release|x64
		{A0BF5A53-60E4-475A-BDA8-EE36E81FD89D}.Release|x86.ActiveCfg = Release|Win32
		{A0BF5A53-60E4-475A-BDA8-EE36E81FD89D}.Release|x86.Build.0 = Release|Win32
		{D6C63650-81F2-47C7-A4FF-449CDAA921FD}.Debug|x64.ActiveCfg = Debug|x64
		{D6C63650-81F2-47C7-A4FF-449CDAA921FD}.Debug|x64.Build.0 = Debug|x64
		{D6C63650-81F2-47C7-A4FF-449CDAA921FD}.Debug|x86.ActiveCfg = Debug|Win32
		{D6C63650-81F2-47C7-A4FF-449CDAA921FD}.Debug|x86.Build.0 = Debug|Win32
		{D6C63650-81F2-47C7-A4FF-449CDAA921FD}.Release|x64.ActiveCfg = Release|x64
		{D6C63650-81F2-47C7-A4FF-449CDAA921FD}.Release|x64.Build.0 = Release|x64
		{D6C63650-81F2-47C7-A4FF-449CDAA921FD}.Release|x86.ActiveCfg = Release|Win32
		{D6C63650-81F2-47C7-A4FF-449CDAA921FD}.Release|x86.Build.0 = Release|Win32
	EndGlobalSection
	GlobalSection(SolutionProperties) = preSolution
		HideSolutionNode = FALSE
	EndGlobalSection
	GlobalSection(ExtensibilityGlobals) = postSolution
		SolutionGuid = {28984D1B-E6DC-4811-84CF-D9EBE8AFFC78}
	EndGlobalSection
EndGlobal
