
Microsoft Visual Studio Solution File, Format Version 12.00
# Visual Studio Version 16
VisualStudioVersion = 16.0.31515.178
MinimumVisualStudioVersion = 10.0.40219.1
Project("{8BC9CEB8-8B4A-11D0-8D11-00A0C91BC942}") = "Dinemik_Bellek_Yonetim", "Dinemik_Bellek_Yonetim\Dinemik_Bellek_Yonetim.vcxproj", "{5DAD5512-3BEF-495C-BB85-B6C96628A3D9}"
EndProject
Project("{2150E333-8FDC-42A3-9474-1A3956D46DE8}") = "Solution Items", "Solution Items", "{97FA6A6C-3C8F-4B56-AE6A-A48ECD6A0325}"
	ProjectSection(SolutionItems) = preProject
		TextFile1.txt = TextFile1.txt
	EndProjectSection
EndProject
Global
	GlobalSection(SolutionConfigurationPlatforms) = preSolution
		Debug|x64 = Debug|x64
		Debug|x86 = Debug|x86
		Release|x64 = Release|x64
		Release|x86 = Release|x86
	EndGlobalSection
	GlobalSection(ProjectConfigurationPlatforms) = postSolution
		{5DAD5512-3BEF-495C-BB85-B6C96628A3D9}.Debug|x64.ActiveCfg = Debug|x64
		{5DAD5512-3BEF-495C-BB85-B6C96628A3D9}.Debug|x64.Build.0 = Debug|x64
		{5DAD5512-3BEF-495C-BB85-B6C96628A3D9}.Debug|x86.ActiveCfg = Debug|Win32
		{5DAD5512-3BEF-495C-BB85-B6C96628A3D9}.Debug|x86.Build.0 = Debug|Win32
		{5DAD5512-3BEF-495C-BB85-B6C96628A3D9}.Release|x64.ActiveCfg = Release|x64
		{5DAD5512-3BEF-495C-BB85-B6C96628A3D9}.Release|x64.Build.0 = Release|x64
		{5DAD5512-3BEF-495C-BB85-B6C96628A3D9}.Release|x86.ActiveCfg = Release|Win32
		{5DAD5512-3BEF-495C-BB85-B6C96628A3D9}.Release|x86.Build.0 = Release|Win32
	EndGlobalSection
	GlobalSection(SolutionProperties) = preSolution
		HideSolutionNode = FALSE
	EndGlobalSection
	GlobalSection(ExtensibilityGlobals) = postSolution
		SolutionGuid = {202F1B3B-7F4B-4263-BE88-5E7187189BA7}
	EndGlobalSection
EndGlobal
