
Microsoft Visual Studio Solution File, Format Version 12.00
# Visual Studio Version 16
VisualStudioVersion = 16.0.31515.178
MinimumVisualStudioVersion = 10.0.40219.1
Project("{8BC9CEB8-8B4A-11D0-8D11-00A0C91BC942}") = "Cok_boyutlu_diziler", "Cok_boyutlu_diziler\Cok_boyutlu_diziler.vcxproj", "{1DD7BA76-CE2B-418E-A461-51631C9F5096}"
EndProject
Project("{2150E333-8FDC-42A3-9474-1A3956D46DE8}") = "Solution Items", "Solution Items", "{C5D2293D-AFE6-4FA6-9F11-FD5948DFB3BF}"
	ProjectSection(SolutionItems) = preProject
		TextFile1.txt = TextFile1.txt
	EndProjectSection
EndProject
Project("{8BC9CEB8-8B4A-11D0-8D11-00A0C91BC942}") = "Cok_boyutlu_diziler_ortak_kullanım", "Cok_boyutlu_diziler_ortak_kullanım\Cok_boyutlu_diziler_ortak_kullanım.vcxproj", "{6F860E40-2FD5-440F-A7C4-035368BD33F3}"
EndProject
Project("{8BC9CEB8-8B4A-11D0-8D11-00A0C91BC942}") = "Cok_Boyutlu_char_diziler", "Cok_Boyutlu_char_diziler\Cok_Boyutlu_char_diziler.vcxproj", "{86070D60-261A-4EDA-92B4-C457E88A8C0D}"
EndProject
Global
	GlobalSection(SolutionConfigurationPlatforms) = preSolution
		Debug|x64 = Debug|x64
		Debug|x86 = Debug|x86
		Release|x64 = Release|x64
		Release|x86 = Release|x86
	EndGlobalSection
	GlobalSection(ProjectConfigurationPlatforms) = postSolution
		{1DD7BA76-CE2B-418E-A461-51631C9F5096}.Debug|x64.ActiveCfg = Debug|x64
		{1DD7BA76-CE2B-418E-A461-51631C9F5096}.Debug|x64.Build.0 = Debug|x64
		{1DD7BA76-CE2B-418E-A461-51631C9F5096}.Debug|x86.ActiveCfg = Debug|Win32
		{1DD7BA76-CE2B-418E-A461-51631C9F5096}.Debug|x86.Build.0 = Debug|Win32
		{1DD7BA76-CE2B-418E-A461-51631C9F5096}.Release|x64.ActiveCfg = Release|x64
		{1DD7BA76-CE2B-418E-A461-51631C9F5096}.Release|x64.Build.0 = Release|x64
		{1DD7BA76-CE2B-418E-A461-51631C9F5096}.Release|x86.ActiveCfg = Release|Win32
		{1DD7BA76-CE2B-418E-A461-51631C9F5096}.Release|x86.Build.0 = Release|Win32
		{6F860E40-2FD5-440F-A7C4-035368BD33F3}.Debug|x64.ActiveCfg = Debug|x64
		{6F860E40-2FD5-440F-A7C4-035368BD33F3}.Debug|x64.Build.0 = Debug|x64
		{6F860E40-2FD5-440F-A7C4-035368BD33F3}.Debug|x86.ActiveCfg = Debug|Win32
		{6F860E40-2FD5-440F-A7C4-035368BD33F3}.Debug|x86.Build.0 = Debug|Win32
		{6F860E40-2FD5-440F-A7C4-035368BD33F3}.Release|x64.ActiveCfg = Release|x64
		{6F860E40-2FD5-440F-A7C4-035368BD33F3}.Release|x64.Build.0 = Release|x64
		{6F860E40-2FD5-440F-A7C4-035368BD33F3}.Release|x86.ActiveCfg = Release|Win32
		{6F860E40-2FD5-440F-A7C4-035368BD33F3}.Release|x86.Build.0 = Release|Win32
		{86070D60-261A-4EDA-92B4-C457E88A8C0D}.Debug|x64.ActiveCfg = Debug|x64
		{86070D60-261A-4EDA-92B4-C457E88A8C0D}.Debug|x64.Build.0 = Debug|x64
		{86070D60-261A-4EDA-92B4-C457E88A8C0D}.Debug|x86.ActiveCfg = Debug|Win32
		{86070D60-261A-4EDA-92B4-C457E88A8C0D}.Debug|x86.Build.0 = Debug|Win32
		{86070D60-261A-4EDA-92B4-C457E88A8C0D}.Release|x64.ActiveCfg = Release|x64
		{86070D60-261A-4EDA-92B4-C457E88A8C0D}.Release|x64.Build.0 = Release|x64
		{86070D60-261A-4EDA-92B4-C457E88A8C0D}.Release|x86.ActiveCfg = Release|Win32
		{86070D60-261A-4EDA-92B4-C457E88A8C0D}.Release|x86.Build.0 = Release|Win32
	EndGlobalSection
	GlobalSection(SolutionProperties) = preSolution
		HideSolutionNode = FALSE
	EndGlobalSection
	GlobalSection(ExtensibilityGlobals) = postSolution
		SolutionGuid = {67C9A868-9019-4C27-882A-2448E81DAA10}
	EndGlobalSection
EndGlobal
